
Microsoft Visual Studio Solution File, Format Version 12.00
# Visual Studio Version 17
VisualStudioVersion = 17.14.36518.9 d17.14
MinimumVisualStudioVersion = 10.0.40219.1
Project("{FAE04EC0-301F-11D3-BF4B-00C04F79EFBC}") = "Matematicas.Test", "Matematicas.Test.csproj", "{15476B06-F8AD-42BE-A802-866CFF34B897}"
EndProject
Global
	GlobalSection(SolutionConfigurationPlatforms) = preSolution
		Debug|Any CPU = Debug|Any CPU
		Release|Any CPU = Release|Any CPU
	EndGlobalSection
	GlobalSection(ProjectConfigurationPlatforms) = postSolution
		{15476B06-F8AD-42BE-A802-866CFF34B897}.Debug|Any CPU.ActiveCfg = Debug|Any CPU
		{15476B06-F8AD-42BE-A802-866CFF34B897}.Debug|Any CPU.Build.0 = Debug|Any CPU
		{15476B06-F8AD-42BE-A802-866CFF34B897}.Release|Any CPU.ActiveCfg = Release|Any CPU
		{15476B06-F8AD-42BE-A802-866CFF34B897}.Release|Any CPU.Build.0 = Release|Any CPU
	EndGlobalSection
	GlobalSection(SolutionProperties) = preSolution
		HideSolutionNode = FALSE
	EndGlobalSection
	GlobalSection(ExtensibilityGlobals) = postSolution
		SolutionGuid = {27FA1BAC-438E-473E-86E3-8D57B166204F}
	EndGlobalSection
EndGlobal
